
Microsoft Visual Studio Solution File, Format Version 12.00
# Visual Studio Version 17
VisualStudioVersion = 17.9.34511.98
MinimumVisualStudioVersion = 10.0.40219.1
Project("{2150E333-8FDC-42A3-9474-1A3956D46DE8}") = "Source", "Source", "{3528CA68-4D58-4908-8A6F-79DBA5F8E1C3}"
EndProject
Project("{2150E333-8FDC-42A3-9474-1A3956D46DE8}") = "Platforms", "Platforms", "{EB5E36ED-35FC-43E5-A4E8-928775FA30A3}"
EndProject
Project("{9A19103F-16F7-4668-BE54-9A1E7A4F7556}") = "Sample", "Sample\Sample\Sample.csproj", "{BDE90A74-F528-48D2-A17E-A4103B8C883E}"
EndProject
Project("{9A19103F-16F7-4668-BE54-9A1E7A4F7556}") = "Sample.Shared", "Sample\Sample.Shared\Sample.Shared.csproj", "{84A1A9CD-3AB6-4CF9-A9AE-8DBCA0A56170}"
EndProject
Project("{9A19103F-16F7-4668-BE54-9A1E7A4F7556}") = "Sample.Mobile", "Sample\Sample.Mobile\Sample.Mobile.csproj", "{F3EDA0EC-86E0-4446-ABED-48C464B637FF}"
EndProject
Project("{9A19103F-16F7-4668-BE54-9A1E7A4F7556}") = "Sample.Windows", "Sample\Sample.Windows\Sample.Windows.csproj", "{ECC5F04A-A32E-4C62-B288-D13361F21A0D}"
EndProject
Project("{9A19103F-16F7-4668-BE54-9A1E7A4F7556}") = "Sample.Wasm", "Sample\Sample.Wasm\Sample.Wasm.csproj", "{A073957D-5FA7-4FAE-9B53-487BC0123651}"
EndProject
Project("{9A19103F-16F7-4668-BE54-9A1E7A4F7556}") = "Sample.Skia.Wpf", "Sample\Sample.Skia.WPF\Sample.Skia.Wpf.csproj", "{9A302A22-AE3F-4382-A61C-E42D99086798}"
EndProject
Project("{2150E333-8FDC-42A3-9474-1A3956D46DE8}") = "Solution Items", "Solution Items", "{B41496DA-CD44-49E8-9A6D-089B01BB193C}"
	ProjectSection(SolutionItems) = preProject
		Sample\.gitignore = Sample\.gitignore
		Sample\Directory.Build.props = Sample\Directory.Build.props
		Sample\Directory.Build.targets = Sample\Directory.Build.targets
		Sample\Directory.Packages.props = Sample\Directory.Packages.props
		Sample\solution-config.props.sample = Sample\solution-config.props.sample
	EndProjectSection
EndProject
Project("{2150E333-8FDC-42A3-9474-1A3956D46DE8}") = "Framework", "Framework", "{34E2A261-D082-48EC-B67E-3C25F46D3668}"
EndProject
Project("{9A19103F-16F7-4668-BE54-9A1E7A4F7556}") = "Framework.ApiClient", "..\..\src\Framework.Base\Framework.ApiClient\Framework.ApiClient.csproj", "{CEF95359-95BA-4677-B4E4-0F4D61D38F05}"
EndProject
Project("{9A19103F-16F7-4668-BE54-9A1E7A4F7556}") = "Framework.Mvvm", "..\..\src\Framework.Base\Framework.Mvvm\Framework.Mvvm.csproj", "{0A6E597F-F62F-44AF-BEEF-1E8012E43B3A}"
EndProject
Project("{9A19103F-16F7-4668-BE54-9A1E7A4F7556}") = "Framework.Services", "..\..\src\Framework.Base\Framework.Services\Framework.Services.csproj", "{AC94E44A-2C16-4A97-B968-E1B045BCF40D}"
EndProject
Project("{9A19103F-16F7-4668-BE54-9A1E7A4F7556}") = "Framework.UnoNative", "..\..\src\Framework.Base\Framework.Uno\Framework.UnoNative.csproj", "{2D65C2DC-8523-411D-A55E-4375588A7536}"
EndProject
Project("{2150E333-8FDC-42A3-9474-1A3956D46DE8}") = "Submodules", "Submodules", "{D02BE8E8-85A5-4232-95D0-9CAF774BCD60}"
EndProject
Project("{2150E333-8FDC-42A3-9474-1A3956D46DE8}") = "Generators", "Generators", "{648C2E4F-9B82-4106-B035-FAA222CCD885}"
EndProject
Project("{9A19103F-16F7-4668-BE54-9A1E7A4F7556}") = "Generators.Base", "..\..\submodules\CodeGen\src\GeneratorHelper\Generators.Base\Generators.Base.csproj", "{ED0D4F7A-17F7-49D0-A456-012546619941}"
EndProject
Project("{9A19103F-16F7-4668-BE54-9A1E7A4F7556}") = "Foundation.Crawler", "..\..\submodules\CodeGen\src\GeneratorHelper\Foundation.Crawler\Foundation.Crawler.csproj", "{CF4479E4-B27D-4259-9F6A-958CD9FBA30A}"
EndProject
Project("{9A19103F-16F7-4668-BE54-9A1E7A4F7556}") = "Codelisk.GeneratorAttributes", "..\..\submodules\CodeGen\src\Common\Codelisk.GeneratorAttributes\Codelisk.GeneratorAttributes.csproj", "{9C59E0B0-5770-4984-ACC1-ADC4B0CAA135}"
EndProject
Project("{9A19103F-16F7-4668-BE54-9A1E7A4F7556}") = "Shared", "..\..\submodules\CodeGen\src\Common\Shared\Shared.csproj", "{D0CC70D0-F7F6-4E7C-857F-2608E916FC6A}"
EndProject
Project("{9A19103F-16F7-4668-BE54-9A1E7A4F7556}") = "Codelisk.AutoFilterer.Generators", "..\..\submodules\CodeGen\src\Submodules\AutoFilterer\src\AutoFilterer.Generators\Codelisk.AutoFilterer.Generators.csproj", "{597BB59D-A05C-4D5F-97EB-AC1C474EAC0D}"
EndProject
Project("{9A19103F-16F7-4668-BE54-9A1E7A4F7556}") = "Codelisk.AutoFilterer", "..\..\submodules\CodeGen\src\Submodules\AutoFilterer\src\AutoFilterer\Codelisk.AutoFilterer.csproj", "{66D77AA6-4587-49EB-B864-CDD8F82207CF}"
EndProject
Project("{9A19103F-16F7-4668-BE54-9A1E7A4F7556}") = "Codelisk.Api.RefitApis.Generator", "..\..\submodules\CodeGen\src\Generators\Api\Codelisk.Api.RefitApis.Generator\Codelisk.Api.RefitApis.Generator.csproj", "{881643B0-4F0D-44B2-ACB2-6E0DBB4C271B}"
EndProject
Project("{9A19103F-16F7-4668-BE54-9A1E7A4F7556}") = "Api.Generator", "..\..\submodules\CodeGen\src\Generators\Api\Api.Generator\Api.Generator.csproj", "{09D99F2D-0601-41B0-AB3B-79DF516C0E73}"
EndProject
Global
	GlobalSection(SolutionConfigurationPlatforms) = preSolution
		Debug|Any CPU = Debug|Any CPU
		Debug|arm64 = Debug|arm64
		Debug|x64 = Debug|x64
		Debug|x86 = Debug|x86
		Release|Any CPU = Release|Any CPU
		Release|arm64 = Release|arm64
		Release|x64 = Release|x64
		Release|x86 = Release|x86
	EndGlobalSection
	GlobalSection(ProjectConfigurationPlatforms) = postSolution
		{BDE90A74-F528-48D2-A17E-A4103B8C883E}.Debug|Any CPU.ActiveCfg = Debug|Any CPU
		{BDE90A74-F528-48D2-A17E-A4103B8C883E}.Debug|Any CPU.Build.0 = Debug|Any CPU
		{BDE90A74-F528-48D2-A17E-A4103B8C883E}.Debug|arm64.ActiveCfg = Debug|Any CPU
		{BDE90A74-F528-48D2-A17E-A4103B8C883E}.Debug|arm64.Build.0 = Debug|Any CPU
		{BDE90A74-F528-48D2-A17E-A4103B8C883E}.Debug|x64.ActiveCfg = Debug|Any CPU
		{BDE90A74-F528-48D2-A17E-A4103B8C883E}.Debug|x64.Build.0 = Debug|Any CPU
		{BDE90A74-F528-48D2-A17E-A4103B8C883E}.Debug|x86.ActiveCfg = Debug|Any CPU
		{BDE90A74-F528-48D2-A17E-A4103B8C883E}.Debug|x86.Build.0 = Debug|Any CPU
		{BDE90A74-F528-48D2-A17E-A4103B8C883E}.Release|Any CPU.ActiveCfg = Release|Any CPU
		{BDE90A74-F528-48D2-A17E-A4103B8C883E}.Release|Any CPU.Build.0 = Release|Any CPU
		{BDE90A74-F528-48D2-A17E-A4103B8C883E}.Release|arm64.ActiveCfg = Release|Any CPU
		{BDE90A74-F528-48D2-A17E-A4103B8C883E}.Release|arm64.Build.0 = Release|Any CPU
		{BDE90A74-F528-48D2-A17E-A4103B8C883E}.Release|x64.ActiveCfg = Release|Any CPU
		{BDE90A74-F528-48D2-A17E-A4103B8C883E}.Release|x64.Build.0 = Release|Any CPU
		{BDE90A74-F528-48D2-A17E-A4103B8C883E}.Release|x86.ActiveCfg = Release|Any CPU
		{BDE90A74-F528-48D2-A17E-A4103B8C883E}.Release|x86.Build.0 = Release|Any CPU
		{84A1A9CD-3AB6-4CF9-A9AE-8DBCA0A56170}.Debug|Any CPU.ActiveCfg = Debug|Any CPU
		{84A1A9CD-3AB6-4CF9-A9AE-8DBCA0A56170}.Debug|Any CPU.Build.0 = Debug|Any CPU
		{84A1A9CD-3AB6-4CF9-A9AE-8DBCA0A56170}.Debug|arm64.ActiveCfg = Debug|Any CPU
		{84A1A9CD-3AB6-4CF9-A9AE-8DBCA0A56170}.Debug|arm64.Build.0 = Debug|Any CPU
		{84A1A9CD-3AB6-4CF9-A9AE-8DBCA0A56170}.Debug|x64.ActiveCfg = Debug|Any CPU
		{84A1A9CD-3AB6-4CF9-A9AE-8DBCA0A56170}.Debug|x64.Build.0 = Debug|Any CPU
		{84A1A9CD-3AB6-4CF9-A9AE-8DBCA0A56170}.Debug|x86.ActiveCfg = Debug|Any CPU
		{84A1A9CD-3AB6-4CF9-A9AE-8DBCA0A56170}.Debug|x86.Build.0 = Debug|Any CPU
		{84A1A9CD-3AB6-4CF9-A9AE-8DBCA0A56170}.Release|Any CPU.ActiveCfg = Release|Any CPU
		{84A1A9CD-3AB6-4CF9-A9AE-8DBCA0A56170}.Release|Any CPU.Build.0 = Release|Any CPU
		{84A1A9CD-3AB6-4CF9-A9AE-8DBCA0A56170}.Release|arm64.ActiveCfg = Release|Any CPU
		{84A1A9CD-3AB6-4CF9-A9AE-8DBCA0A56170}.Release|arm64.Build.0 = Release|Any CPU
		{84A1A9CD-3AB6-4CF9-A9AE-8DBCA0A56170}.Release|x64.ActiveCfg = Release|Any CPU
		{84A1A9CD-3AB6-4CF9-A9AE-8DBCA0A56170}.Release|x64.Build.0 = Release|Any CPU
		{84A1A9CD-3AB6-4CF9-A9AE-8DBCA0A56170}.Release|x86.ActiveCfg = Release|Any CPU
		{84A1A9CD-3AB6-4CF9-A9AE-8DBCA0A56170}.Release|x86.Build.0 = Release|Any CPU
		{F3EDA0EC-86E0-4446-ABED-48C464B637FF}.Debug|Any CPU.ActiveCfg = Debug|Any CPU
		{F3EDA0EC-86E0-4446-ABED-48C464B637FF}.Debug|Any CPU.Build.0 = Debug|Any CPU
		{F3EDA0EC-86E0-4446-ABED-48C464B637FF}.Debug|Any CPU.Deploy.0 = Debug|Any CPU
		{F3EDA0EC-86E0-4446-ABED-48C464B637FF}.Debug|arm64.ActiveCfg = Debug|Any CPU
		{F3EDA0EC-86E0-4446-ABED-48C464B637FF}.Debug|arm64.Build.0 = Debug|Any CPU
		{F3EDA0EC-86E0-4446-ABED-48C464B637FF}.Debug|arm64.Deploy.0 = Debug|Any CPU
		{F3EDA0EC-86E0-4446-ABED-48C464B637FF}.Debug|x64.ActiveCfg = Debug|Any CPU
		{F3EDA0EC-86E0-4446-ABED-48C464B637FF}.Debug|x64.Build.0 = Debug|Any CPU
		{F3EDA0EC-86E0-4446-ABED-48C464B637FF}.Debug|x64.Deploy.0 = Debug|Any CPU
		{F3EDA0EC-86E0-4446-ABED-48C464B637FF}.Debug|x86.ActiveCfg = Debug|Any CPU
		{F3EDA0EC-86E0-4446-ABED-48C464B637FF}.Debug|x86.Build.0 = Debug|Any CPU
		{F3EDA0EC-86E0-4446-ABED-48C464B637FF}.Debug|x86.Deploy.0 = Debug|Any CPU
		{F3EDA0EC-86E0-4446-ABED-48C464B637FF}.Release|Any CPU.ActiveCfg = Release|Any CPU
		{F3EDA0EC-86E0-4446-ABED-48C464B637FF}.Release|Any CPU.Build.0 = Release|Any CPU
		{F3EDA0EC-86E0-4446-ABED-48C464B637FF}.Release|Any CPU.Deploy.0 = Release|Any CPU
		{F3EDA0EC-86E0-4446-ABED-48C464B637FF}.Release|arm64.ActiveCfg = Release|Any CPU
		{F3EDA0EC-86E0-4446-ABED-48C464B637FF}.Release|arm64.Build.0 = Release|Any CPU
		{F3EDA0EC-86E0-4446-ABED-48C464B637FF}.Release|arm64.Deploy.0 = Release|Any CPU
		{F3EDA0EC-86E0-4446-ABED-48C464B637FF}.Release|x64.ActiveCfg = Release|Any CPU
		{F3EDA0EC-86E0-4446-ABED-48C464B637FF}.Release|x64.Build.0 = Release|Any CPU
		{F3EDA0EC-86E0-4446-ABED-48C464B637FF}.Release|x64.Deploy.0 = Release|Any CPU
		{F3EDA0EC-86E0-4446-ABED-48C464B637FF}.Release|x86.ActiveCfg = Release|Any CPU
		{F3EDA0EC-86E0-4446-ABED-48C464B637FF}.Release|x86.Build.0 = Release|Any CPU
		{F3EDA0EC-86E0-4446-ABED-48C464B637FF}.Release|x86.Deploy.0 = Release|Any CPU
		{ECC5F04A-A32E-4C62-B288-D13361F21A0D}.Debug|Any CPU.ActiveCfg = Debug|x64
		{ECC5F04A-A32E-4C62-B288-D13361F21A0D}.Debug|Any CPU.Build.0 = Debug|x64
		{ECC5F04A-A32E-4C62-B288-D13361F21A0D}.Debug|Any CPU.Deploy.0 = Debug|x64
		{ECC5F04A-A32E-4C62-B288-D13361F21A0D}.Debug|arm64.ActiveCfg = Debug|arm64
		{ECC5F04A-A32E-4C62-B288-D13361F21A0D}.Debug|arm64.Build.0 = Debug|arm64
		{ECC5F04A-A32E-4C62-B288-D13361F21A0D}.Debug|arm64.Deploy.0 = Debug|arm64
		{ECC5F04A-A32E-4C62-B288-D13361F21A0D}.Debug|x64.ActiveCfg = Debug|x64
		{ECC5F04A-A32E-4C62-B288-D13361F21A0D}.Debug|x64.Build.0 = Debug|x64
		{ECC5F04A-A32E-4C62-B288-D13361F21A0D}.Debug|x64.Deploy.0 = Debug|x64
		{ECC5F04A-A32E-4C62-B288-D13361F21A0D}.Debug|x86.ActiveCfg = Debug|x86
		{ECC5F04A-A32E-4C62-B288-D13361F21A0D}.Debug|x86.Build.0 = Debug|x86
		{ECC5F04A-A32E-4C62-B288-D13361F21A0D}.Debug|x86.Deploy.0 = Debug|x86
		{ECC5F04A-A32E-4C62-B288-D13361F21A0D}.Release|Any CPU.ActiveCfg = Release|x64
		{ECC5F04A-A32E-4C62-B288-D13361F21A0D}.Release|Any CPU.Build.0 = Release|x64
		{ECC5F04A-A32E-4C62-B288-D13361F21A0D}.Release|Any CPU.Deploy.0 = Release|x64
		{ECC5F04A-A32E-4C62-B288-D13361F21A0D}.Release|arm64.ActiveCfg = Release|arm64
		{ECC5F04A-A32E-4C62-B288-D13361F21A0D}.Release|arm64.Build.0 = Release|arm64
		{ECC5F04A-A32E-4C62-B288-D13361F21A0D}.Release|arm64.Deploy.0 = Release|arm64
		{ECC5F04A-A32E-4C62-B288-D13361F21A0D}.Release|x64.ActiveCfg = Release|x64
		{ECC5F04A-A32E-4C62-B288-D13361F21A0D}.Release|x64.Build.0 = Release|x64
		{ECC5F04A-A32E-4C62-B288-D13361F21A0D}.Release|x64.Deploy.0 = Release|x64
		{ECC5F04A-A32E-4C62-B288-D13361F21A0D}.Release|x86.ActiveCfg = Release|x86
		{ECC5F04A-A32E-4C62-B288-D13361F21A0D}.Release|x86.Build.0 = Release|x86
		{ECC5F04A-A32E-4C62-B288-D13361F21A0D}.Release|x86.Deploy.0 = Release|x86
		{A073957D-5FA7-4FAE-9B53-487BC0123651}.Debug|Any CPU.ActiveCfg = Debug|Any CPU
		{A073957D-5FA7-4FAE-9B53-487BC0123651}.Debug|Any CPU.Build.0 = Debug|Any CPU
		{A073957D-5FA7-4FAE-9B53-487BC0123651}.Debug|arm64.ActiveCfg = Debug|Any CPU
		{A073957D-5FA7-4FAE-9B53-487BC0123651}.Debug|arm64.Build.0 = Debug|Any CPU
		{A073957D-5FA7-4FAE-9B53-487BC0123651}.Debug|x64.ActiveCfg = Debug|Any CPU
		{A073957D-5FA7-4FAE-9B53-487BC0123651}.Debug|x64.Build.0 = Debug|Any CPU
		{A073957D-5FA7-4FAE-9B53-487BC0123651}.Debug|x86.ActiveCfg = Debug|Any CPU
		{A073957D-5FA7-4FAE-9B53-487BC0123651}.Debug|x86.Build.0 = Debug|Any CPU
		{A073957D-5FA7-4FAE-9B53-487BC0123651}.Release|Any CPU.ActiveCfg = Release|Any CPU
		{A073957D-5FA7-4FAE-9B53-487BC0123651}.Release|Any CPU.Build.0 = Release|Any CPU
		{A073957D-5FA7-4FAE-9B53-487BC0123651}.Release|arm64.ActiveCfg = Release|Any CPU
		{A073957D-5FA7-4FAE-9B53-487BC0123651}.Release|arm64.Build.0 = Release|Any CPU
		{A073957D-5FA7-4FAE-9B53-487BC0123651}.Release|x64.ActiveCfg = Release|Any CPU
		{A073957D-5FA7-4FAE-9B53-487BC0123651}.Release|x64.Build.0 = Release|Any CPU
		{A073957D-5FA7-4FAE-9B53-487BC0123651}.Release|x86.ActiveCfg = Release|Any CPU
		{A073957D-5FA7-4FAE-9B53-487BC0123651}.Release|x86.Build.0 = Release|Any CPU
		{9A302A22-AE3F-4382-A61C-E42D99086798}.Debug|Any CPU.ActiveCfg = Debug|Any CPU
		{9A302A22-AE3F-4382-A61C-E42D99086798}.Debug|Any CPU.Build.0 = Debug|Any CPU
		{9A302A22-AE3F-4382-A61C-E42D99086798}.Debug|arm64.ActiveCfg = Debug|Any CPU
		{9A302A22-AE3F-4382-A61C-E42D99086798}.Debug|arm64.Build.0 = Debug|Any CPU
		{9A302A22-AE3F-4382-A61C-E42D99086798}.Debug|x64.ActiveCfg = Debug|Any CPU
		{9A302A22-AE3F-4382-A61C-E42D99086798}.Debug|x64.Build.0 = Debug|Any CPU
		{9A302A22-AE3F-4382-A61C-E42D99086798}.Debug|x86.ActiveCfg = Debug|Any CPU
		{9A302A22-AE3F-4382-A61C-E42D99086798}.Debug|x86.Build.0 = Debug|Any CPU
		{9A302A22-AE3F-4382-A61C-E42D99086798}.Release|Any CPU.ActiveCfg = Release|Any CPU
		{9A302A22-AE3F-4382-A61C-E42D99086798}.Release|Any CPU.Build.0 = Release|Any CPU
		{9A302A22-AE3F-4382-A61C-E42D99086798}.Release|arm64.ActiveCfg = Release|Any CPU
		{9A302A22-AE3F-4382-A61C-E42D99086798}.Release|arm64.Build.0 = Release|Any CPU
		{9A302A22-AE3F-4382-A61C-E42D99086798}.Release|x64.ActiveCfg = Release|Any CPU
		{9A302A22-AE3F-4382-A61C-E42D99086798}.Release|x64.Build.0 = Release|Any CPU
		{9A302A22-AE3F-4382-A61C-E42D99086798}.Release|x86.ActiveCfg = Release|Any CPU
		{9A302A22-AE3F-4382-A61C-E42D99086798}.Release|x86.Build.0 = Release|Any CPU
		{CEF95359-95BA-4677-B4E4-0F4D61D38F05}.Debug|Any CPU.ActiveCfg = Debug|Any CPU
		{CEF95359-95BA-4677-B4E4-0F4D61D38F05}.Debug|Any CPU.Build.0 = Debug|Any CPU
		{CEF95359-95BA-4677-B4E4-0F4D61D38F05}.Debug|arm64.ActiveCfg = Debug|Any CPU
		{CEF95359-95BA-4677-B4E4-0F4D61D38F05}.Debug|arm64.Build.0 = Debug|Any CPU
		{CEF95359-95BA-4677-B4E4-0F4D61D38F05}.Debug|x64.ActiveCfg = Debug|Any CPU
		{CEF95359-95BA-4677-B4E4-0F4D61D38F05}.Debug|x64.Build.0 = Debug|Any CPU
		{CEF95359-95BA-4677-B4E4-0F4D61D38F05}.Debug|x86.ActiveCfg = Debug|Any CPU
		{CEF95359-95BA-4677-B4E4-0F4D61D38F05}.Debug|x86.Build.0 = Debug|Any CPU
		{CEF95359-95BA-4677-B4E4-0F4D61D38F05}.Release|Any CPU.ActiveCfg = Release|Any CPU
		{CEF95359-95BA-4677-B4E4-0F4D61D38F05}.Release|Any CPU.Build.0 = Release|Any CPU
		{CEF95359-95BA-4677-B4E4-0F4D61D38F05}.Release|arm64.ActiveCfg = Release|Any CPU
		{CEF95359-95BA-4677-B4E4-0F4D61D38F05}.Release|arm64.Build.0 = Release|Any CPU
		{CEF95359-95BA-4677-B4E4-0F4D61D38F05}.Release|x64.ActiveCfg = Release|Any CPU
		{CEF95359-95BA-4677-B4E4-0F4D61D38F05}.Release|x64.Build.0 = Release|Any CPU
		{CEF95359-95BA-4677-B4E4-0F4D61D38F05}.Release|x86.ActiveCfg = Release|Any CPU
		{CEF95359-95BA-4677-B4E4-0F4D61D38F05}.Release|x86.Build.0 = Release|Any CPU
		{0A6E597F-F62F-44AF-BEEF-1E8012E43B3A}.Debug|Any CPU.ActiveCfg = Debug|Any CPU
		{0A6E597F-F62F-44AF-BEEF-1E8012E43B3A}.Debug|Any CPU.Build.0 = Debug|Any CPU
		{0A6E597F-F62F-44AF-BEEF-1E8012E43B3A}.Debug|arm64.ActiveCfg = Debug|Any CPU
		{0A6E597F-F62F-44AF-BEEF-1E8012E43B3A}.Debug|arm64.Build.0 = Debug|Any CPU
		{0A6E597F-F62F-44AF-BEEF-1E8012E43B3A}.Debug|x64.ActiveCfg = Debug|Any CPU
		{0A6E597F-F62F-44AF-BEEF-1E8012E43B3A}.Debug|x64.Build.0 = Debug|Any CPU
		{0A6E597F-F62F-44AF-BEEF-1E8012E43B3A}.Debug|x86.ActiveCfg = Debug|Any CPU
		{0A6E597F-F62F-44AF-BEEF-1E8012E43B3A}.Debug|x86.Build.0 = Debug|Any CPU
		{0A6E597F-F62F-44AF-BEEF-1E8012E43B3A}.Release|Any CPU.ActiveCfg = Release|Any CPU
		{0A6E597F-F62F-44AF-BEEF-1E8012E43B3A}.Release|Any CPU.Build.0 = Release|Any CPU
		{0A6E597F-F62F-44AF-BEEF-1E8012E43B3A}.Release|arm64.ActiveCfg = Release|Any CPU
		{0A6E597F-F62F-44AF-BEEF-1E8012E43B3A}.Release|arm64.Build.0 = Release|Any CPU
		{0A6E597F-F62F-44AF-BEEF-1E8012E43B3A}.Release|x64.ActiveCfg = Release|Any CPU
		{0A6E597F-F62F-44AF-BEEF-1E8012E43B3A}.Release|x64.Build.0 = Release|Any CPU
		{0A6E597F-F62F-44AF-BEEF-1E8012E43B3A}.Release|x86.ActiveCfg = Release|Any CPU
		{0A6E597F-F62F-44AF-BEEF-1E8012E43B3A}.Release|x86.Build.0 = Release|Any CPU
		{AC94E44A-2C16-4A97-B968-E1B045BCF40D}.Debug|Any CPU.ActiveCfg = Debug|Any CPU
		{AC94E44A-2C16-4A97-B968-E1B045BCF40D}.Debug|Any CPU.Build.0 = Debug|Any CPU
		{AC94E44A-2C16-4A97-B968-E1B045BCF40D}.Debug|arm64.ActiveCfg = Debug|Any CPU
		{AC94E44A-2C16-4A97-B968-E1B045BCF40D}.Debug|arm64.Build.0 = Debug|Any CPU
		{AC94E44A-2C16-4A97-B968-E1B045BCF40D}.Debug|x64.ActiveCfg = Debug|Any CPU
		{AC94E44A-2C16-4A97-B968-E1B045BCF40D}.Debug|x64.Build.0 = Debug|Any CPU
		{AC94E44A-2C16-4A97-B968-E1B045BCF40D}.Debug|x86.ActiveCfg = Debug|Any CPU
		{AC94E44A-2C16-4A97-B968-E1B045BCF40D}.Debug|x86.Build.0 = Debug|Any CPU
		{AC94E44A-2C16-4A97-B968-E1B045BCF40D}.Release|Any CPU.ActiveCfg = Release|Any CPU
		{AC94E44A-2C16-4A97-B968-E1B045BCF40D}.Release|Any CPU.Build.0 = Release|Any CPU
		{AC94E44A-2C16-4A97-B968-E1B045BCF40D}.Release|arm64.ActiveCfg = Release|Any CPU
		{AC94E44A-2C16-4A97-B968-E1B045BCF40D}.Release|arm64.Build.0 = Release|Any CPU
		{AC94E44A-2C16-4A97-B968-E1B045BCF40D}.Release|x64.ActiveCfg = Release|Any CPU
		{AC94E44A-2C16-4A97-B968-E1B045BCF40D}.Release|x64.Build.0 = Release|Any CPU
		{AC94E44A-2C16-4A97-B968-E1B045BCF40D}.Release|x86.ActiveCfg = Release|Any CPU
		{AC94E44A-2C16-4A97-B968-E1B045BCF40D}.Release|x86.Build.0 = Release|Any CPU
		{2D65C2DC-8523-411D-A55E-4375588A7536}.Debug|Any CPU.ActiveCfg = Debug|Any CPU
		{2D65C2DC-8523-411D-A55E-4375588A7536}.Debug|Any CPU.Build.0 = Debug|Any CPU
		{2D65C2DC-8523-411D-A55E-4375588A7536}.Debug|arm64.ActiveCfg = Debug|Any CPU
		{2D65C2DC-8523-411D-A55E-4375588A7536}.Debug|arm64.Build.0 = Debug|Any CPU
		{2D65C2DC-8523-411D-A55E-4375588A7536}.Debug|x64.ActiveCfg = Debug|Any CPU
		{2D65C2DC-8523-411D-A55E-4375588A7536}.Debug|x64.Build.0 = Debug|Any CPU
		{2D65C2DC-8523-411D-A55E-4375588A7536}.Debug|x86.ActiveCfg = Debug|Any CPU
		{2D65C2DC-8523-411D-A55E-4375588A7536}.Debug|x86.Build.0 = Debug|Any CPU
		{2D65C2DC-8523-411D-A55E-4375588A7536}.Release|Any CPU.ActiveCfg = Release|Any CPU
		{2D65C2DC-8523-411D-A55E-4375588A7536}.Release|Any CPU.Build.0 = Release|Any CPU
		{2D65C2DC-8523-411D-A55E-4375588A7536}.Release|arm64.ActiveCfg = Release|Any CPU
		{2D65C2DC-8523-411D-A55E-4375588A7536}.Release|arm64.Build.0 = Release|Any CPU
		{2D65C2DC-8523-411D-A55E-4375588A7536}.Release|x64.ActiveCfg = Release|Any CPU
		{2D65C2DC-8523-411D-A55E-4375588A7536}.Release|x64.Build.0 = Release|Any CPU
		{2D65C2DC-8523-411D-A55E-4375588A7536}.Release|x86.ActiveCfg = Release|Any CPU
		{2D65C2DC-8523-411D-A55E-4375588A7536}.Release|x86.Build.0 = Release|Any CPU
		{ED0D4F7A-17F7-49D0-A456-012546619941}.Debug|Any CPU.ActiveCfg = Debug|Any CPU
		{ED0D4F7A-17F7-49D0-A456-012546619941}.Debug|Any CPU.Build.0 = Debug|Any CPU
		{ED0D4F7A-17F7-49D0-A456-012546619941}.Debug|arm64.ActiveCfg = Debug|Any CPU
		{ED0D4F7A-17F7-49D0-A456-012546619941}.Debug|arm64.Build.0 = Debug|Any CPU
		{ED0D4F7A-17F7-49D0-A456-012546619941}.Debug|x64.ActiveCfg = Debug|Any CPU
		{ED0D4F7A-17F7-49D0-A456-012546619941}.Debug|x64.Build.0 = Debug|Any CPU
		{ED0D4F7A-17F7-49D0-A456-012546619941}.Debug|x86.ActiveCfg = Debug|Any CPU
		{ED0D4F7A-17F7-49D0-A456-012546619941}.Debug|x86.Build.0 = Debug|Any CPU
		{ED0D4F7A-17F7-49D0-A456-012546619941}.Release|Any CPU.ActiveCfg = Release|Any CPU
		{ED0D4F7A-17F7-49D0-A456-012546619941}.Release|Any CPU.Build.0 = Release|Any CPU
		{ED0D4F7A-17F7-49D0-A456-012546619941}.Release|arm64.ActiveCfg = Release|Any CPU
		{ED0D4F7A-17F7-49D0-A456-012546619941}.Release|arm64.Build.0 = Release|Any CPU
		{ED0D4F7A-17F7-49D0-A456-012546619941}.Release|x64.ActiveCfg = Release|Any CPU
		{ED0D4F7A-17F7-49D0-A456-012546619941}.Release|x64.Build.0 = Release|Any CPU
		{ED0D4F7A-17F7-49D0-A456-012546619941}.Release|x86.ActiveCfg = Release|Any CPU
		{ED0D4F7A-17F7-49D0-A456-012546619941}.Release|x86.Build.0 = Release|Any CPU
		{CF4479E4-B27D-4259-9F6A-958CD9FBA30A}.Debug|Any CPU.ActiveCfg = Debug|Any CPU
		{CF4479E4-B27D-4259-9F6A-958CD9FBA30A}.Debug|Any CPU.Build.0 = Debug|Any CPU
		{CF4479E4-B27D-4259-9F6A-958CD9FBA30A}.Debug|arm64.ActiveCfg = Debug|Any CPU
		{CF4479E4-B27D-4259-9F6A-958CD9FBA30A}.Debug|arm64.Build.0 = Debug|Any CPU
		{CF4479E4-B27D-4259-9F6A-958CD9FBA30A}.Debug|x64.ActiveCfg = Debug|Any CPU
		{CF4479E4-B27D-4259-9F6A-958CD9FBA30A}.Debug|x64.Build.0 = Debug|Any CPU
		{CF4479E4-B27D-4259-9F6A-958CD9FBA30A}.Debug|x86.ActiveCfg = Debug|Any CPU
		{CF4479E4-B27D-4259-9F6A-958CD9FBA30A}.Debug|x86.Build.0 = Debug|Any CPU
		{CF4479E4-B27D-4259-9F6A-958CD9FBA30A}.Release|Any CPU.ActiveCfg = Release|Any CPU
		{CF4479E4-B27D-4259-9F6A-958CD9FBA30A}.Release|Any CPU.Build.0 = Release|Any CPU
		{CF4479E4-B27D-4259-9F6A-958CD9FBA30A}.Release|arm64.ActiveCfg = Release|Any CPU
		{CF4479E4-B27D-4259-9F6A-958CD9FBA30A}.Release|arm64.Build.0 = Release|Any CPU
		{CF4479E4-B27D-4259-9F6A-958CD9FBA30A}.Release|x64.ActiveCfg = Release|Any CPU
		{CF4479E4-B27D-4259-9F6A-958CD9FBA30A}.Release|x64.Build.0 = Release|Any CPU
		{CF4479E4-B27D-4259-9F6A-958CD9FBA30A}.Release|x86.ActiveCfg = Release|Any CPU
		{CF4479E4-B27D-4259-9F6A-958CD9FBA30A}.Release|x86.Build.0 = Release|Any CPU
		{9C59E0B0-5770-4984-ACC1-ADC4B0CAA135}.Debug|Any CPU.ActiveCfg = Debug|Any CPU
		{9C59E0B0-5770-4984-ACC1-ADC4B0CAA135}.Debug|Any CPU.Build.0 = Debug|Any CPU
		{9C59E0B0-5770-4984-ACC1-ADC4B0CAA135}.Debug|arm64.ActiveCfg = Debug|Any CPU
		{9C59E0B0-5770-4984-ACC1-ADC4B0CAA135}.Debug|arm64.Build.0 = Debug|Any CPU
		{9C59E0B0-5770-4984-ACC1-ADC4B0CAA135}.Debug|x64.ActiveCfg = Debug|Any CPU
		{9C59E0B0-5770-4984-ACC1-ADC4B0CAA135}.Debug|x64.Build.0 = Debug|Any CPU
		{9C59E0B0-5770-4984-ACC1-ADC4B0CAA135}.Debug|x86.ActiveCfg = Debug|Any CPU
		{9C59E0B0-5770-4984-ACC1-ADC4B0CAA135}.Debug|x86.Build.0 = Debug|Any CPU
		{9C59E0B0-5770-4984-ACC1-ADC4B0CAA135}.Release|Any CPU.ActiveCfg = Release|Any CPU
		{9C59E0B0-5770-4984-ACC1-ADC4B0CAA135}.Release|Any CPU.Build.0 = Release|Any CPU
		{9C59E0B0-5770-4984-ACC1-ADC4B0CAA135}.Release|arm64.ActiveCfg = Release|Any CPU
		{9C59E0B0-5770-4984-ACC1-ADC4B0CAA135}.Release|arm64.Build.0 = Release|Any CPU
		{9C59E0B0-5770-4984-ACC1-ADC4B0CAA135}.Release|x64.ActiveCfg = Release|Any CPU
		{9C59E0B0-5770-4984-ACC1-ADC4B0CAA135}.Release|x64.Build.0 = Release|Any CPU
		{9C59E0B0-5770-4984-ACC1-ADC4B0CAA135}.Release|x86.ActiveCfg = Release|Any CPU
		{9C59E0B0-5770-4984-ACC1-ADC4B0CAA135}.Release|x86.Build.0 = Release|Any CPU
		{D0CC70D0-F7F6-4E7C-857F-2608E916FC6A}.Debug|Any CPU.ActiveCfg = Debug|Any CPU
		{D0CC70D0-F7F6-4E7C-857F-2608E916FC6A}.Debug|Any CPU.Build.0 = Debug|Any CPU
		{D0CC70D0-F7F6-4E7C-857F-2608E916FC6A}.Debug|arm64.ActiveCfg = Debug|Any CPU
		{D0CC70D0-F7F6-4E7C-857F-2608E916FC6A}.Debug|arm64.Build.0 = Debug|Any CPU
		{D0CC70D0-F7F6-4E7C-857F-2608E916FC6A}.Debug|x64.ActiveCfg = Debug|Any CPU
		{D0CC70D0-F7F6-4E7C-857F-2608E916FC6A}.Debug|x64.Build.0 = Debug|Any CPU
		{D0CC70D0-F7F6-4E7C-857F-2608E916FC6A}.Debug|x86.ActiveCfg = Debug|Any CPU
		{D0CC70D0-F7F6-4E7C-857F-2608E916FC6A}.Debug|x86.Build.0 = Debug|Any CPU
		{D0CC70D0-F7F6-4E7C-857F-2608E916FC6A}.Release|Any CPU.ActiveCfg = Release|Any CPU
		{D0CC70D0-F7F6-4E7C-857F-2608E916FC6A}.Release|Any CPU.Build.0 = Release|Any CPU
		{D0CC70D0-F7F6-4E7C-857F-2608E916FC6A}.Release|arm64.ActiveCfg = Release|Any CPU
		{D0CC70D0-F7F6-4E7C-857F-2608E916FC6A}.Release|arm64.Build.0 = Release|Any CPU
		{D0CC70D0-F7F6-4E7C-857F-2608E916FC6A}.Release|x64.ActiveCfg = Release|Any CPU
		{D0CC70D0-F7F6-4E7C-857F-2608E916FC6A}.Release|x64.Build.0 = Release|Any CPU
		{D0CC70D0-F7F6-4E7C-857F-2608E916FC6A}.Release|x86.ActiveCfg = Release|Any CPU
		{D0CC70D0-F7F6-4E7C-857F-2608E916FC6A}.Release|x86.Build.0 = Release|Any CPU
		{597BB59D-A05C-4D5F-97EB-AC1C474EAC0D}.Debug|Any CPU.ActiveCfg = Debug|Any CPU
		{597BB59D-A05C-4D5F-97EB-AC1C474EAC0D}.Debug|Any CPU.Build.0 = Debug|Any CPU
		{597BB59D-A05C-4D5F-97EB-AC1C474EAC0D}.Debug|arm64.ActiveCfg = Debug|Any CPU
		{597BB59D-A05C-4D5F-97EB-AC1C474EAC0D}.Debug|arm64.Build.0 = Debug|Any CPU
		{597BB59D-A05C-4D5F-97EB-AC1C474EAC0D}.Debug|x64.ActiveCfg = Debug|Any CPU
		{597BB59D-A05C-4D5F-97EB-AC1C474EAC0D}.Debug|x64.Build.0 = Debug|Any CPU
		{597BB59D-A05C-4D5F-97EB-AC1C474EAC0D}.Debug|x86.ActiveCfg = Debug|Any CPU
		{597BB59D-A05C-4D5F-97EB-AC1C474EAC0D}.Debug|x86.Build.0 = Debug|Any CPU
		{597BB59D-A05C-4D5F-97EB-AC1C474EAC0D}.Release|Any CPU.ActiveCfg = Release|Any CPU
		{597BB59D-A05C-4D5F-97EB-AC1C474EAC0D}.Release|Any CPU.Build.0 = Release|Any CPU
		{597BB59D-A05C-4D5F-97EB-AC1C474EAC0D}.Release|arm64.ActiveCfg = Release|Any CPU
		{597BB59D-A05C-4D5F-97EB-AC1C474EAC0D}.Release|arm64.Build.0 = Release|Any CPU
		{597BB59D-A05C-4D5F-97EB-AC1C474EAC0D}.Release|x64.ActiveCfg = Release|Any CPU
		{597BB59D-A05C-4D5F-97EB-AC1C474EAC0D}.Release|x64.Build.0 = Release|Any CPU
		{597BB59D-A05C-4D5F-97EB-AC1C474EAC0D}.Release|x86.ActiveCfg = Release|Any CPU
		{597BB59D-A05C-4D5F-97EB-AC1C474EAC0D}.Release|x86.Build.0 = Release|Any CPU
		{66D77AA6-4587-49EB-B864-CDD8F82207CF}.Debug|Any CPU.ActiveCfg = Debug|Any CPU
		{66D77AA6-4587-49EB-B864-CDD8F82207CF}.Debug|Any CPU.Build.0 = Debug|Any CPU
		{66D77AA6-4587-49EB-B864-CDD8F82207CF}.Debug|arm64.ActiveCfg = Debug|Any CPU
		{66D77AA6-4587-49EB-B864-CDD8F82207CF}.Debug|arm64.Build.0 = Debug|Any CPU
		{66D77AA6-4587-49EB-B864-CDD8F82207CF}.Debug|x64.ActiveCfg = Debug|Any CPU
		{66D77AA6-4587-49EB-B864-CDD8F82207CF}.Debug|x64.Build.0 = Debug|Any CPU
		{66D77AA6-4587-49EB-B864-CDD8F82207CF}.Debug|x86.ActiveCfg = Debug|Any CPU
		{66D77AA6-4587-49EB-B864-CDD8F82207CF}.Debug|x86.Build.0 = Debug|Any CPU
		{66D77AA6-4587-49EB-B864-CDD8F82207CF}.Release|Any CPU.ActiveCfg = Release|Any CPU
		{66D77AA6-4587-49EB-B864-CDD8F82207CF}.Release|Any CPU.Build.0 = Release|Any CPU
		{66D77AA6-4587-49EB-B864-CDD8F82207CF}.Release|arm64.ActiveCfg = Release|Any CPU
		{66D77AA6-4587-49EB-B864-CDD8F82207CF}.Release|arm64.Build.0 = Release|Any CPU
		{66D77AA6-4587-49EB-B864-CDD8F82207CF}.Release|x64.ActiveCfg = Release|Any CPU
		{66D77AA6-4587-49EB-B864-CDD8F82207CF}.Release|x64.Build.0 = Release|Any CPU
		{66D77AA6-4587-49EB-B864-CDD8F82207CF}.Release|x86.ActiveCfg = Release|Any CPU
		{66D77AA6-4587-49EB-B864-CDD8F82207CF}.Release|x86.Build.0 = Release|Any CPU
		{881643B0-4F0D-44B2-ACB2-6E0DBB4C271B}.Debug|Any CPU.ActiveCfg = Debug|Any CPU
		{881643B0-4F0D-44B2-ACB2-6E0DBB4C271B}.Debug|Any CPU.Build.0 = Debug|Any CPU
		{881643B0-4F0D-44B2-ACB2-6E0DBB4C271B}.Debug|arm64.ActiveCfg = Debug|Any CPU
		{881643B0-4F0D-44B2-ACB2-6E0DBB4C271B}.Debug|arm64.Build.0 = Debug|Any CPU
		{881643B0-4F0D-44B2-ACB2-6E0DBB4C271B}.Debug|x64.ActiveCfg = Debug|Any CPU
		{881643B0-4F0D-44B2-ACB2-6E0DBB4C271B}.Debug|x64.Build.0 = Debug|Any CPU
		{881643B0-4F0D-44B2-ACB2-6E0DBB4C271B}.Debug|x86.ActiveCfg = Debug|Any CPU
		{881643B0-4F0D-44B2-ACB2-6E0DBB4C271B}.Debug|x86.Build.0 = Debug|Any CPU
		{881643B0-4F0D-44B2-ACB2-6E0DBB4C271B}.Release|Any CPU.ActiveCfg = Release|Any CPU
		{881643B0-4F0D-44B2-ACB2-6E0DBB4C271B}.Release|Any CPU.Build.0 = Release|Any CPU
		{881643B0-4F0D-44B2-ACB2-6E0DBB4C271B}.Release|arm64.ActiveCfg = Release|Any CPU
		{881643B0-4F0D-44B2-ACB2-6E0DBB4C271B}.Release|arm64.Build.0 = Release|Any CPU
		{881643B0-4F0D-44B2-ACB2-6E0DBB4C271B}.Release|x64.ActiveCfg = Release|Any CPU
		{881643B0-4F0D-44B2-ACB2-6E0DBB4C271B}.Release|x64.Build.0 = Release|Any CPU
		{881643B0-4F0D-44B2-ACB2-6E0DBB4C271B}.Release|x86.ActiveCfg = Release|Any CPU
		{881643B0-4F0D-44B2-ACB2-6E0DBB4C271B}.Release|x86.Build.0 = Release|Any CPU
		{09D99F2D-0601-41B0-AB3B-79DF516C0E73}.Debug|Any CPU.ActiveCfg = Debug|Any CPU
		{09D99F2D-0601-41B0-AB3B-79DF516C0E73}.Debug|Any CPU.Build.0 = Debug|Any CPU
		{09D99F2D-0601-41B0-AB3B-79DF516C0E73}.Debug|arm64.ActiveCfg = Debug|Any CPU
		{09D99F2D-0601-41B0-AB3B-79DF516C0E73}.Debug|arm64.Build.0 = Debug|Any CPU
		{09D99F2D-0601-41B0-AB3B-79DF516C0E73}.Debug|x64.ActiveCfg = Debug|Any CPU
		{09D99F2D-0601-41B0-AB3B-79DF516C0E73}.Debug|x64.Build.0 = Debug|Any CPU
		{09D99F2D-0601-41B0-AB3B-79DF516C0E73}.Debug|x86.ActiveCfg = Debug|Any CPU
		{09D99F2D-0601-41B0-AB3B-79DF516C0E73}.Debug|x86.Build.0 = Debug|Any CPU
		{09D99F2D-0601-41B0-AB3B-79DF516C0E73}.Release|Any CPU.ActiveCfg = Release|Any CPU
		{09D99F2D-0601-41B0-AB3B-79DF516C0E73}.Release|Any CPU.Build.0 = Release|Any CPU
		{09D99F2D-0601-41B0-AB3B-79DF516C0E73}.Release|arm64.ActiveCfg = Release|Any CPU
		{09D99F2D-0601-41B0-AB3B-79DF516C0E73}.Release|arm64.Build.0 = Release|Any CPU
		{09D99F2D-0601-41B0-AB3B-79DF516C0E73}.Release|x64.ActiveCfg = Release|Any CPU
		{09D99F2D-0601-41B0-AB3B-79DF516C0E73}.Release|x64.Build.0 = Release|Any CPU
		{09D99F2D-0601-41B0-AB3B-79DF516C0E73}.Release|x86.ActiveCfg = Release|Any CPU
		{09D99F2D-0601-41B0-AB3B-79DF516C0E73}.Release|x86.Build.0 = Release|Any CPU
	EndGlobalSection
	GlobalSection(SolutionProperties) = preSolution
		HideSolutionNode = FALSE
	EndGlobalSection
	GlobalSection(NestedProjects) = preSolution
		{EB5E36ED-35FC-43E5-A4E8-928775FA30A3} = {3528CA68-4D58-4908-8A6F-79DBA5F8E1C3}
		{BDE90A74-F528-48D2-A17E-A4103B8C883E} = {3528CA68-4D58-4908-8A6F-79DBA5F8E1C3}
		{84A1A9CD-3AB6-4CF9-A9AE-8DBCA0A56170} = {EB5E36ED-35FC-43E5-A4E8-928775FA30A3}
		{F3EDA0EC-86E0-4446-ABED-48C464B637FF} = {EB5E36ED-35FC-43E5-A4E8-928775FA30A3}
		{ECC5F04A-A32E-4C62-B288-D13361F21A0D} = {EB5E36ED-35FC-43E5-A4E8-928775FA30A3}
		{A073957D-5FA7-4FAE-9B53-487BC0123651} = {EB5E36ED-35FC-43E5-A4E8-928775FA30A3}
		{9A302A22-AE3F-4382-A61C-E42D99086798} = {EB5E36ED-35FC-43E5-A4E8-928775FA30A3}
		{34E2A261-D082-48EC-B67E-3C25F46D3668} = {3528CA68-4D58-4908-8A6F-79DBA5F8E1C3}
		{648C2E4F-9B82-4106-B035-FAA222CCD885} = {D02BE8E8-85A5-4232-95D0-9CAF774BCD60}
		{ED0D4F7A-17F7-49D0-A456-012546619941} = {648C2E4F-9B82-4106-B035-FAA222CCD885}
		{CF4479E4-B27D-4259-9F6A-958CD9FBA30A} = {648C2E4F-9B82-4106-B035-FAA222CCD885}
		{9C59E0B0-5770-4984-ACC1-ADC4B0CAA135} = {648C2E4F-9B82-4106-B035-FAA222CCD885}
		{D0CC70D0-F7F6-4E7C-857F-2608E916FC6A} = {648C2E4F-9B82-4106-B035-FAA222CCD885}
		{597BB59D-A05C-4D5F-97EB-AC1C474EAC0D} = {648C2E4F-9B82-4106-B035-FAA222CCD885}
		{66D77AA6-4587-49EB-B864-CDD8F82207CF} = {648C2E4F-9B82-4106-B035-FAA222CCD885}
		{881643B0-4F0D-44B2-ACB2-6E0DBB4C271B} = {648C2E4F-9B82-4106-B035-FAA222CCD885}
		{09D99F2D-0601-41B0-AB3B-79DF516C0E73} = {648C2E4F-9B82-4106-B035-FAA222CCD885}
	EndGlobalSection
	GlobalSection(ExtensibilityGlobals) = postSolution
		SolutionGuid = {6B919EA5-75E3-4FB4-848D-0F0E2B021FAF}
	EndGlobalSection
EndGlobal
