
Microsoft Visual Studio Solution File, Format Version 12.00
# Visual Studio Version 17
VisualStudioVersion = 17.9.34511.98
MinimumVisualStudioVersion = 10.0.40219.1
Project("{9A19103F-16F7-4668-BE54-9A1E7A4F7556}") = "Framework.Services", "Framework.Services\Framework.Services.csproj", "{7810B71F-231F-40C8-9621-29477B14DBB0}"
EndProject
Project("{2150E333-8FDC-42A3-9474-1A3956D46DE8}") = "SolutionItems", "SolutionItems", "{F024498B-5F5C-436D-8460-8489A8C685FF}"
	ProjectSection(SolutionItems) = preProject
		..\..\Directory.Build.props = ..\..\Directory.Build.props
		..\..\Directory.Packages.props = ..\..\Directory.Packages.props
		..\..\Library.props = ..\..\Library.props
		..\..\Modules.props = ..\..\Modules.props
		..\..\NuGet.config = ..\..\NuGet.config
		..\..\Uno.Modules.props = ..\..\Uno.Modules.props
		..\..\Uno.props = ..\..\Uno.props
	EndProjectSection
EndProject
Project("{9A19103F-16F7-4668-BE54-9A1E7A4F7556}") = "Framework.Mvvm", "Framework.Mvvm\Framework.Mvvm.csproj", "{196C7F29-EDF9-4704-9FDC-67919B4541A4}"
EndProject
Project("{9A19103F-16F7-4668-BE54-9A1E7A4F7556}") = "Framework.ApiClient", "Framework.ApiClient\Framework.ApiClient.csproj", "{2378CA1D-1BCB-4113-AD3B-099092449997}"
EndProject
Project("{2150E333-8FDC-42A3-9474-1A3956D46DE8}") = "Generators", "Generators", "{8C25CB86-267C-46F0-A9B4-CEBE3D51B072}"
EndProject
Project("{D954291E-2A0B-460D-934E-DC6B0785DB48}") = "Framework.UnoNative.Shared", "Framework.UnoNative.Shared\Framework.UnoNative.Shared.shproj", "{05414BC5-EE81-480F-A9F6-40617F802EB4}"
EndProject
Project("{9A19103F-16F7-4668-BE54-9A1E7A4F7556}") = "Foundation", "..\..\submodules\Framework.Restservice\submodules\CodeGen\src\Common\Foundation\Foundation.csproj", "{A224F6B7-9756-4397-9174-FA96C9BDFFE4}"
EndProject
Project("{9A19103F-16F7-4668-BE54-9A1E7A4F7556}") = "Shared", "..\..\submodules\Framework.Restservice\submodules\CodeGen\src\Common\Shared\Shared.csproj", "{0EEBBFEB-CA67-4386-B6A0-CD7AEEAEA067}"
EndProject
Project("{9A19103F-16F7-4668-BE54-9A1E7A4F7556}") = "Codelisk.GeneratorAttributes", "..\..\submodules\Framework.Restservice\submodules\CodeGen\src\Common\Codelisk.GeneratorAttributes\Codelisk.GeneratorAttributes.csproj", "{EB9215AB-70B7-4A06-A5EB-E5CC476599EB}"
EndProject
Global
	GlobalSection(SolutionConfigurationPlatforms) = preSolution
		Debug|Any CPU = Debug|Any CPU
		Release|Any CPU = Release|Any CPU
	EndGlobalSection
	GlobalSection(ProjectConfigurationPlatforms) = postSolution
		{7810B71F-231F-40C8-9621-29477B14DBB0}.Debug|Any CPU.ActiveCfg = Debug|Any CPU
		{7810B71F-231F-40C8-9621-29477B14DBB0}.Debug|Any CPU.Build.0 = Debug|Any CPU
		{7810B71F-231F-40C8-9621-29477B14DBB0}.Release|Any CPU.ActiveCfg = Release|Any CPU
		{7810B71F-231F-40C8-9621-29477B14DBB0}.Release|Any CPU.Build.0 = Release|Any CPU
		{196C7F29-EDF9-4704-9FDC-67919B4541A4}.Debug|Any CPU.ActiveCfg = Debug|Any CPU
		{196C7F29-EDF9-4704-9FDC-67919B4541A4}.Debug|Any CPU.Build.0 = Debug|Any CPU
		{196C7F29-EDF9-4704-9FDC-67919B4541A4}.Release|Any CPU.ActiveCfg = Release|Any CPU
		{196C7F29-EDF9-4704-9FDC-67919B4541A4}.Release|Any CPU.Build.0 = Release|Any CPU
		{2378CA1D-1BCB-4113-AD3B-099092449997}.Debug|Any CPU.ActiveCfg = Debug|Any CPU
		{2378CA1D-1BCB-4113-AD3B-099092449997}.Debug|Any CPU.Build.0 = Debug|Any CPU
		{2378CA1D-1BCB-4113-AD3B-099092449997}.Release|Any CPU.ActiveCfg = Release|Any CPU
		{2378CA1D-1BCB-4113-AD3B-099092449997}.Release|Any CPU.Build.0 = Release|Any CPU
		{A224F6B7-9756-4397-9174-FA96C9BDFFE4}.Debug|Any CPU.ActiveCfg = Debug|Any CPU
		{A224F6B7-9756-4397-9174-FA96C9BDFFE4}.Debug|Any CPU.Build.0 = Debug|Any CPU
		{A224F6B7-9756-4397-9174-FA96C9BDFFE4}.Release|Any CPU.ActiveCfg = Release|Any CPU
		{A224F6B7-9756-4397-9174-FA96C9BDFFE4}.Release|Any CPU.Build.0 = Release|Any CPU
		{0EEBBFEB-CA67-4386-B6A0-CD7AEEAEA067}.Debug|Any CPU.ActiveCfg = Debug|Any CPU
		{0EEBBFEB-CA67-4386-B6A0-CD7AEEAEA067}.Debug|Any CPU.Build.0 = Debug|Any CPU
		{0EEBBFEB-CA67-4386-B6A0-CD7AEEAEA067}.Release|Any CPU.ActiveCfg = Release|Any CPU
		{0EEBBFEB-CA67-4386-B6A0-CD7AEEAEA067}.Release|Any CPU.Build.0 = Release|Any CPU
		{EB9215AB-70B7-4A06-A5EB-E5CC476599EB}.Debug|Any CPU.ActiveCfg = Debug|Any CPU
		{EB9215AB-70B7-4A06-A5EB-E5CC476599EB}.Debug|Any CPU.Build.0 = Debug|Any CPU
		{EB9215AB-70B7-4A06-A5EB-E5CC476599EB}.Release|Any CPU.ActiveCfg = Release|Any CPU
		{EB9215AB-70B7-4A06-A5EB-E5CC476599EB}.Release|Any CPU.Build.0 = Release|Any CPU
	EndGlobalSection
	GlobalSection(SolutionProperties) = preSolution
		HideSolutionNode = FALSE
	EndGlobalSection
	GlobalSection(NestedProjects) = preSolution
		{A224F6B7-9756-4397-9174-FA96C9BDFFE4} = {8C25CB86-267C-46F0-A9B4-CEBE3D51B072}
		{0EEBBFEB-CA67-4386-B6A0-CD7AEEAEA067} = {8C25CB86-267C-46F0-A9B4-CEBE3D51B072}
		{EB9215AB-70B7-4A06-A5EB-E5CC476599EB} = {8C25CB86-267C-46F0-A9B4-CEBE3D51B072}
	EndGlobalSection
	GlobalSection(ExtensibilityGlobals) = postSolution
		SolutionGuid = {B919BE28-5790-4FB6-8E0E-B23415950BDD}
	EndGlobalSection
	GlobalSection(SharedMSBuildProjectFiles) = preSolution
		Framework.UnoNative.Shared\Framework.UnoNative.Shared.projitems*{05414bc5-ee81-480f-a9f6-40617f802eb4}*SharedItemsImports = 13
	EndGlobalSection
EndGlobal
