
Microsoft Visual Studio Solution File, Format Version 12.00
# Visual Studio Version 17
VisualStudioVersion = 17.9.34511.98
MinimumVisualStudioVersion = 10.0.40219.1
Project("{FAE04EC0-301F-11D3-BF4B-00C04F79EFBC}") = "Framework.Services", "Framework.Services\Framework.Services.csproj", "{7810B71F-231F-40C8-9621-29477B14DBB0}"
EndProject
Project("{2150E333-8FDC-42A3-9474-1A3956D46DE8}") = "SolutionItems", "SolutionItems", "{F024498B-5F5C-436D-8460-8489A8C685FF}"
	ProjectSection(SolutionItems) = preProject
		..\..\Directory.Build.props = ..\..\Directory.Build.props
		..\..\Directory.Packages.props = ..\..\Directory.Packages.props
		..\..\Library.props = ..\..\Library.props
		..\..\Modules.props = ..\..\Modules.props
		..\..\NuGet.config = ..\..\NuGet.config
		..\..\Uno.Modules.props = ..\..\Uno.Modules.props
		..\..\Uno.props = ..\..\Uno.props
	EndProjectSection
EndProject
Project("{9A19103F-16F7-4668-BE54-9A1E7A4F7556}") = "Framework.Mvvm", "Framework.Mvvm\Framework.Mvvm.csproj", "{196C7F29-EDF9-4704-9FDC-67919B4541A4}"
EndProject
Project("{FAE04EC0-301F-11D3-BF4B-00C04F79EFBC}") = "Framework.Uno", "Framework.Uno\Framework.Uno.csproj", "{CDDDCABC-E349-454E-8D06-4DB46FC3F6A9}"
EndProject
Global
	GlobalSection(SolutionConfigurationPlatforms) = preSolution
		Debug|Any CPU = Debug|Any CPU
		Release|Any CPU = Release|Any CPU
	EndGlobalSection
	GlobalSection(ProjectConfigurationPlatforms) = postSolution
		{7810B71F-231F-40C8-9621-29477B14DBB0}.Debug|Any CPU.ActiveCfg = Debug|Any CPU
		{7810B71F-231F-40C8-9621-29477B14DBB0}.Debug|Any CPU.Build.0 = Debug|Any CPU
		{7810B71F-231F-40C8-9621-29477B14DBB0}.Release|Any CPU.ActiveCfg = Release|Any CPU
		{7810B71F-231F-40C8-9621-29477B14DBB0}.Release|Any CPU.Build.0 = Release|Any CPU
		{196C7F29-EDF9-4704-9FDC-67919B4541A4}.Debug|Any CPU.ActiveCfg = Debug|Any CPU
		{196C7F29-EDF9-4704-9FDC-67919B4541A4}.Debug|Any CPU.Build.0 = Debug|Any CPU
		{196C7F29-EDF9-4704-9FDC-67919B4541A4}.Release|Any CPU.ActiveCfg = Release|Any CPU
		{196C7F29-EDF9-4704-9FDC-67919B4541A4}.Release|Any CPU.Build.0 = Release|Any CPU
		{CDDDCABC-E349-454E-8D06-4DB46FC3F6A9}.Debug|Any CPU.ActiveCfg = Debug|Any CPU
		{CDDDCABC-E349-454E-8D06-4DB46FC3F6A9}.Debug|Any CPU.Build.0 = Debug|Any CPU
		{CDDDCABC-E349-454E-8D06-4DB46FC3F6A9}.Release|Any CPU.ActiveCfg = Release|Any CPU
		{CDDDCABC-E349-454E-8D06-4DB46FC3F6A9}.Release|Any CPU.Build.0 = Release|Any CPU
	EndGlobalSection
	GlobalSection(SolutionProperties) = preSolution
		HideSolutionNode = FALSE
	EndGlobalSection
	GlobalSection(ExtensibilityGlobals) = postSolution
		SolutionGuid = {B919BE28-5790-4FB6-8E0E-B23415950BDD}
	EndGlobalSection
EndGlobal
